lockfileVersion: '9.0'

settings:
  autoInstallPeers: true
  excludeLinksFromLockfile: false

catalogs:
  default:
    i18next:
      specifier: 25.8.3
      version: 25.8.3
    react-i18next:
      specifier: 16.5.4
      version: 16.5.4

importers:

  .:
    devDependencies:
      typescript:
        specifier: 5.9.3
        version: 5.9.3

  examples/base:
    dependencies:
      i18next:
        specifier: catalog:default
        version: 25.8.3(typescript@5.9.3)
    devDependencies:
      '@types/node':
        specifier: 24.10.10
        version: 24.10.10

  examples/react-trans-component-type-safe:
    dependencies:
      '@types/react':
        specifier: ^19.2.11
        version: 19.2.11
      i18next:
        specifier: catalog:default
        version: 25.8.3(typescript@5.9.3)
      react:
        specifier: ^19.2.4
        version: 19.2.4
      react-i18next:
        specifier: catalog:default
        version: 16.5.4(i18next@25.8.3(typescript@5.9.3))(react@19.2.4)(typescript@5.9.3)
    devDependencies:
      '@types/node':
        specifier: 24.10.10
        version: 24.10.10

  examples/react-trans-component-type-safe-resources-const:
    dependencies:
      '@types/react':
        specifier: ^19.2.11
        version: 19.2.11
      i18next:
        specifier: catalog:default
        version: 25.8.3(typescript@5.9.3)
      react:
        specifier: ^19.2.4
        version: 19.2.4
      react-i18next:
        specifier: catalog:default
        version: 16.5.4(i18next@25.8.3(typescript@5.9.3))(react@19.2.4)(typescript@5.9.3)
    devDependencies:
      '@types/node':
        specifier: 24.10.10
        version: 24.10.10

  examples/react-trans-component-type-safe-selector:
    dependencies:
      '@types/react':
        specifier: ^19.2.11
        version: 19.2.11
      i18next:
        specifier: catalog:default
        version: 25.8.3(typescript@5.9.3)
      react:
        specifier: ^19.2.4
        version: 19.2.4
      react-i18next:
        specifier: catalog:default
        version: 16.5.4(i18next@25.8.3(typescript@5.9.3))(react@19.2.4)(typescript@5.9.3)
    devDependencies:
      '@types/node':
        specifier: 24.10.10
        version: 24.10.10

  examples/react-use-translation-ns:
    dependencies:
      '@types/react':
        specifier: ^19.2.11
        version: 19.2.11
      i18next:
        specifier: catalog:default
        version: 25.8.3(typescript@5.9.3)
      react:
        specifier: ^19.2.4
        version: 19.2.4
      react-i18next:
        specifier: catalog:default
        version: 16.5.4(i18next@25.8.3(typescript@5.9.3))(react@19.2.4)(typescript@5.9.3)
    devDependencies:
      '@types/node':
        specifier: 24.10.10
        version: 24.10.10

  examples/react-use-translation-ns-selector:
    dependencies:
      '@types/react':
        specifier: ^19.2.11
        version: 19.2.11
      i18next:
        specifier: catalog:default
        version: 25.8.3(typescript@5.9.3)
      react:
        specifier: ^19.2.4
        version: 19.2.4
      react-i18next:
        specifier: catalog:default
        version: 16.5.4(i18next@25.8.3(typescript@5.9.3))(react@19.2.4)(typescript@5.9.3)
    devDependencies:
      '@types/node':
        specifier: 24.10.10
        version: 24.10.10

packages:

  '@babel/runtime@7.28.6':
    resolution: {integrity: sha512-05WQkdpL9COIMz4LjTxGpPNCdlpyimKppYNoJ5Di5EUObifl8t4tuLuUBBZEpoLYOmfvIWrsp9fCl0HoPRVTdA==}
    engines: {node: '>=6.9.0'}

  '@types/node@24.10.10':
    resolution: {integrity: sha512-+0/4J266CBGPUq/ELg7QUHhN25WYjE0wYTPSQJn1xeu8DOlIOPxXxrNGiLmfAWl7HMMgWFWXpt9IDjMWrF5Iow==}

  '@types/react@19.2.11':
    resolution: {integrity: sha512-tORuanb01iEzWvMGVGv2ZDhYZVeRMrw453DCSAIn/5yvcSVnMoUMTyf33nQJLahYEnv9xqrTNbgz4qY5EfSh0g==}

  csstype@3.2.3:
    resolution: {integrity: sha512-z1HGKcYy2xA8AGQfwrn0PAy+PB7X/GSj3UVJW9qKyn43xWa+gl5nXmU4qqLMRzWVLFC8KusUX8T/0kCiOYpAIQ==}

  html-parse-stringify@3.0.1:
    resolution: {integrity: sha512-KknJ50kTInJ7qIScF3jeaFRpMpE8/lfiTdzf/twXyPBLAGrLRTmkz3AdTnKeh40X8k9L2fdYwEp/42WGXIRGcg==}

  i18next@25.8.3:
    resolution: {integrity: sha512-IC/pp2vkczdu1sBheq1eC92bLavN6fM5jH61c7Xa23PGio5ePEd+EP+re1IkO7KEM9eyeJHUxvIRxsaYTlsSyQ==}
    peerDependencies:
      typescript: ^5
    peerDependenciesMeta:
      typescript:
        optional: true

  react-i18next@16.5.4:
    resolution: {integrity: sha512-6yj+dcfMncEC21QPhOTsW8mOSO+pzFmT6uvU7XXdvM/Cp38zJkmTeMeKmTrmCMD5ToT79FmiE/mRWiYWcJYW4g==}
    peerDependencies:
      i18next: '>= 25.6.2'
      react: '>= 16.8.0'
      react-dom: '*'
      react-native: '*'
      typescript: ^5
    peerDependenciesMeta:
      react-dom:
        optional: true
      react-native:
        optional: true
      typescript:
        optional: true

  react@19.2.4:
    resolution: {integrity: sha512-9nfp2hYpCwOjAN+8TZFGhtWEwgvWHXqESH8qT89AT/lWklpLON22Lc8pEtnpsZz7VmawabSU0gCjnj8aC0euHQ==}
    engines: {node: '>=0.10.0'}

  typescript@5.9.3:
    resolution: {integrity: sha512-jl1vZzPDinLr9eUt3J/t7V6FgNEw9QjvBPdysz9KfQDD41fQrC2Y4vKQdiaUpFT4bXlb1RHhLpp8wtm6M5TgSw==}
    engines: {node: '>=14.17'}
    hasBin: true

  undici-types@7.16.0:
    resolution: {integrity: sha512-Zz+aZWSj8LE6zoxD+xrjh4VfkIG8Ya6LvYkZqtUQGJPZjYl53ypCaUwWqo7eI0x66KBGeRo+mlBEkMSeSZ38Nw==}

  use-sync-external-store@1.6.0:
    resolution: {integrity: sha512-Pp6GSwGP/NrPIrxVFAIkOQeyw8lFenOHijQWkUTrDvrF4ALqylP2C/KCkeS9dpUM3KvYRQhna5vt7IL95+ZQ9w==}
    peerDependencies:
      react: ^16.8.0 || ^17.0.0 || ^18.0.0 || ^19.0.0

  void-elements@3.1.0:
    resolution: {integrity: sha512-Dhxzh5HZuiHQhbvTW9AMetFfBHDMYpo23Uo9btPXgdYP+3T5S+p+jgNy7spra+veYhBP2dCSgxR/i2Y02h5/6w==}
    engines: {node: '>=0.10.0'}

snapshots:

  '@babel/runtime@7.28.6': {}

  '@types/node@24.10.10':
    dependencies:
      undici-types: 7.16.0

  '@types/react@19.2.11':
    dependencies:
      csstype: 3.2.3

  csstype@3.2.3: {}

  html-parse-stringify@3.0.1:
    dependencies:
      void-elements: 3.1.0

  i18next@25.8.3(typescript@5.9.3):
    dependencies:
      '@babel/runtime': 7.28.6
    optionalDependencies:
      typescript: 5.9.3

  react-i18next@16.5.4(i18next@25.8.3(typescript@5.9.3))(react@19.2.4)(typescript@5.9.3):
    dependencies:
      '@babel/runtime': 7.28.6
      html-parse-stringify: 3.0.1
      i18next: 25.8.3(typescript@5.9.3)
      react: 19.2.4
      use-sync-external-store: 1.6.0(react@19.2.4)
    optionalDependencies:
      typescript: 5.9.3

  react@19.2.4: {}

  typescript@5.9.3: {}

  undici-types@7.16.0: {}

  use-sync-external-store@1.6.0(react@19.2.4):
    dependencies:
      react: 19.2.4

  void-elements@3.1.0: {}
